
Microsoft Visual Studio Solution File, Format Version 12.00
# Visual Studio Version 17
VisualStudioVersion = 17.3.32929.385
MinimumVisualStudioVersion = 10.0.40219.1
Project("{FAE04EC0-301F-11D3-BF4B-00C04F79EFBC}") = "Project", "Project\Project.csproj", "{426BB309-66AD-4021-8AA0-761271362F89}"
EndProject
Global
	GlobalSection(SolutionConfigurationPlatforms) = preSolution
		Debug|Any CPU = Debug|Any CPU
		Release|Any CPU = Release|Any CPU
	EndGlobalSection
	GlobalSection(ProjectConfigurationPlatforms) = postSolution
		{426BB309-66AD-4021-8AA0-761271362F89}.Debug|Any CPU.ActiveCfg = Debug|Any CPU
		{426BB309-66AD-4021-8AA0-761271362F89}.Debug|Any CPU.Build.0 = Debug|Any CPU
		{426BB309-66AD-4021-8AA0-761271362F89}.Release|Any CPU.ActiveCfg = Release|Any CPU
		{426BB309-66AD-4021-8AA0-761271362F89}.Release|Any CPU.Build.0 = Release|Any CPU
	EndGlobalSection
	GlobalSection(SolutionProperties) = preSolution
		HideSolutionNode = FALSE
	EndGlobalSection
	GlobalSection(ExtensibilityGlobals) = postSolution
		SolutionGuid = {090828CF-7EAA-4076-8DAA-806D2B6F03CE}
	EndGlobalSection
EndGlobal
